
Microsoft Visual Studio Solution File, Format Version 12.00
# Visual Studio 2015
Project("{FAE04EC0-301F-11D3-BF4B-00C04F79EFBC}") = "ProjectMech.CSharp.Plugins", "ProjectMech.CSharp.Plugins.csproj", "{C24DC38B-8843-DF14-2B66-1CCED4C5FF33}"
EndProject
Project("{FAE04EC0-301F-11D3-BF4B-00C04F79EFBC}") = "ProjectMech.CSharp", "ProjectMech.CSharp.csproj", "{E59F375D-BC33-2026-22AC-44FB44652E90}"
EndProject
Project("{FAE04EC0-301F-11D3-BF4B-00C04F79EFBC}") = "ProjectMech.CSharp.Editor", "ProjectMech.CSharp.Editor.csproj", "{855CDDD1-D825-FC74-F4BA-CD2C91FDE93F}"
EndProject
Global
	GlobalSection(SolutionConfigurationPlatforms) = preSolution
		Debug|Any CPU = Debug|Any CPU
		Release|Any CPU = Release|Any CPU
	EndGlobalSection
	GlobalSection(ProjectConfigurationPlatforms) = postSolution
		{C24DC38B-8843-DF14-2B66-1CCED4C5FF33}.Debug|Any CPU.ActiveCfg = Debug|Any CPU
		{C24DC38B-8843-DF14-2B66-1CCED4C5FF33}.Debug|Any CPU.Build.0 = Debug|Any CPU
		{C24DC38B-8843-DF14-2B66-1CCED4C5FF33}.Release|Any CPU.ActiveCfg = Release|Any CPU
		{C24DC38B-8843-DF14-2B66-1CCED4C5FF33}.Release|Any CPU.Build.0 = Release|Any CPU
		{E59F375D-BC33-2026-22AC-44FB44652E90}.Debug|Any CPU.ActiveCfg = Debug|Any CPU
		{E59F375D-BC33-2026-22AC-44FB44652E90}.Debug|Any CPU.Build.0 = Debug|Any CPU
		{E59F375D-BC33-2026-22AC-44FB44652E90}.Release|Any CPU.ActiveCfg = Release|Any CPU
		{E59F375D-BC33-2026-22AC-44FB44652E90}.Release|Any CPU.Build.0 = Release|Any CPU
		{855CDDD1-D825-FC74-F4BA-CD2C91FDE93F}.Debug|Any CPU.ActiveCfg = Debug|Any CPU
		{855CDDD1-D825-FC74-F4BA-CD2C91FDE93F}.Debug|Any CPU.Build.0 = Debug|Any CPU
		{855CDDD1-D825-FC74-F4BA-CD2C91FDE93F}.Release|Any CPU.ActiveCfg = Release|Any CPU
		{855CDDD1-D825-FC74-F4BA-CD2C91FDE93F}.Release|Any CPU.Build.0 = Release|Any CPU
	EndGlobalSection
	GlobalSection(SolutionProperties) = preSolution
		HideSolutionNode = FALSE
	EndGlobalSection
EndGlobal
